# THIS IS AN AUTOGENERATED FILE. DO NOT EDIT THIS FILE DIRECTLY.
# yarn lockfile v1


asn1@~0.2.0:
  version "0.2.3"
  resolved "https://registry.yarnpkg.com/asn1/-/asn1-0.2.3.tgz#dac8787713c9966849fc8180777ebe9c1ddf3b86"

async@~0.9.0:
  version "0.9.2"
  resolved "https://registry.yarnpkg.com/async/-/async-0.9.2.tgz#aea74d5e61c1f899613bf64bda66d4c78f2fd17d"

async@~1.0.0:
  version "1.0.0"
  resolved "https://registry.yarnpkg.com/async/-/async-1.0.0.tgz#f8fc04ca3a13784ade9e1641af98578cfbd647a9"

balanced-match@^0.4.2:
  version "0.4.2"
  resolved "https://registry.yarnpkg.com/balanced-match/-/balanced-match-0.4.2.tgz#cb3f3e3c732dc0f01ee70b403f302e61d7709838"

balanced-match@^1.0.0:
  version "1.0.0"
  resolved "https://registry.yarnpkg.com/balanced-match/-/balanced-match-1.0.0.tgz#89b4d199ab2bee49de164ea02b89ce462d71b767"

bluebird@^3.1.1:
  version "3.5.0"
  resolved "https://registry.yarnpkg.com/bluebird/-/bluebird-3.5.0.tgz#791420d7f551eea2897453a8a77653f96606d67c"

brace-expansion@^1.1.7:
  version "1.1.8"
  resolved "https://registry.yarnpkg.com/brace-expansion/-/brace-expansion-1.1.8.tgz#c07b211c7c952ec1f8efd51a77ef0d1d3990a292"
  dependencies:
    balanced-match "^1.0.0"
    concat-map "0.0.1"

buffer-writer@1.0.1:
  version "1.0.1"
  resolved "https://registry.yarnpkg.com/buffer-writer/-/buffer-writer-1.0.1.tgz#22a936901e3029afcd7547eb4487ceb697a3bf08"

colors@1.0.x:
  version "1.0.3"
  resolved "https://registry.yarnpkg.com/colors/-/colors-1.0.3.tgz#0433f44d809680fdeb60ed260f1b0c262e82a40b"

colors@^1.1.2:
  version "1.1.2"
  resolved "https://registry.yarnpkg.com/colors/-/colors-1.1.2.tgz#168a4701756b6a7f51a12ce0c97bfa28c084ed63"

concat-map@0.0.1:
  version "0.0.1"
  resolved "https://registry.yarnpkg.com/concat-map/-/concat-map-0.0.1.tgz#d8a96bd77fd68df7793a73036a3ba0d5405d477b"

cycle@1.0.x:
  version "1.0.3"
  resolved "https://registry.yarnpkg.com/cycle/-/cycle-1.0.3.tgz#21e80b2be8580f98b468f379430662b046c34ad2"

db-migrate-base@^1.5.2:
  version "1.5.3"
  resolved "https://registry.yarnpkg.com/db-migrate-base/-/db-migrate-base-1.5.3.tgz#c2d3b653573ca77c3811c286456592e06d66fa1a"
  dependencies:
    bluebird "^3.1.1"

db-migrate-pg@^0.2.5:
  version "0.2.5"
  resolved "https://registry.yarnpkg.com/db-migrate-pg/-/db-migrate-pg-0.2.5.tgz#94d98243ee0daeb37aafce4d8b48341de41105c1"
  dependencies:
    bluebird "^3.1.1"
    db-migrate-base "^1.5.2"
    pg "^4.5.7"
    semver "^5.0.3"

db-migrate-shared@^1.1.2:
  version "1.1.3"
  resolved "https://registry.yarnpkg.com/db-migrate-shared/-/db-migrate-shared-1.1.3.tgz#edb3c817b295022c61984c187267419bb36a2d58"

db-migrate@^0.10.0-beta.23:
  version "0.10.0-beta.24"
  resolved "https://registry.yarnpkg.com/db-migrate/-/db-migrate-0.10.0-beta.24.tgz#621d2f58825c1ce474062ddeb995a12fcec33d1d"
  dependencies:
    balanced-match "^0.4.2"
    bluebird "^3.1.1"
    db-migrate-shared "^1.1.2"
    deep-extend "^0.4.1"
    dotenv "^2.0.0"
    final-fs "^1.6.0"
    inflection "^1.10.0"
    mkdirp "~0.5.0"
    moment "^2.14.1"
    optimist "~0.6.1"
    parse-database-url "~0.3.0"
    pkginfo "^0.4.0"
    prompt "^1.0.0"
    rc "^1.1.6"
    resolve "^1.1.6"
    semver "^5.3.0"
    tunnel-ssh "^4.0.0"

debug@2.6.0:
  version "2.6.0"
  resolved "https://registry.yarnpkg.com/debug/-/debug-2.6.0.tgz#bc596bcabe7617f11d9fa15361eded5608b8499b"
  dependencies:
    ms "0.7.2"

deep-equal@~0.2.1:
  version "0.2.2"
  resolved "https://registry.yarnpkg.com/deep-equal/-/deep-equal-0.2.2.tgz#84b745896f34c684e98f2ce0e42abaf43bba017d"

deep-extend@^0.4.1, deep-extend@~0.4.0:
  version "0.4.2"
  resolved "https://registry.yarnpkg.com/deep-extend/-/deep-extend-0.4.2.tgz#48b699c27e334bf89f10892be432f6e4c7d34a7f"

dotenv@^2.0.0:
  version "2.0.0"
  resolved "https://registry.yarnpkg.com/dotenv/-/dotenv-2.0.0.tgz#bd759c357aaa70365e01c96b7b0bec08a6e0d949"

eyes@0.1.x:
  version "0.1.8"
  resolved "https://registry.yarnpkg.com/eyes/-/eyes-0.1.8.tgz#62cf120234c683785d902348a800ef3e0cc20bc0"

final-fs@^1.6.0:
  version "1.6.1"
  resolved "https://registry.yarnpkg.com/final-fs/-/final-fs-1.6.1.tgz#d6dcd92ef6fe4fe8c07abd568c7135610ede3236"
  dependencies:
    node-fs "~0.1.5"
    when "~2.0.1"

fs.realpath@^1.0.0:
  version "1.0.0"
  resolved "https://registry.yarnpkg.com/fs.realpath/-/fs.realpath-1.0.0.tgz#1504ad2523158caa40db4a2787cb01411994ea4f"

generic-pool@2.4.2:
  version "2.4.2"
  resolved "https://registry.yarnpkg.com/generic-pool/-/generic-pool-2.4.2.tgz#886bc5bf0beb7db96e81bcbba078818de5a62683"

glob@^7.0.5:
  version "7.1.2"
  resolved "https://registry.yarnpkg.com/glob/-/glob-7.1.2.tgz#c19c9df9a028702d678612384a6552404c636d15"
  dependencies:
    fs.realpath "^1.0.0"
    inflight "^1.0.4"
    inherits "2"
    minimatch "^3.0.4"
    once "^1.3.0"
    path-is-absolute "^1.0.0"

i@0.3.x:
  version "0.3.5"
  resolved "https://registry.yarnpkg.com/i/-/i-0.3.5.tgz#1d2b854158ec8169113c6cb7f6b6801e99e211d5"

inflection@^1.10.0:
  version "1.12.0"
  resolved "https://registry.yarnpkg.com/inflection/-/inflection-1.12.0.tgz#a200935656d6f5f6bc4dc7502e1aecb703228416"

inflight@^1.0.4:
  version "1.0.6"
  resolved "https://registry.yarnpkg.com/inflight/-/inflight-1.0.6.tgz#49bd6331d7d02d0c09bc910a1075ba8165b56df9"
  dependencies:
    once "^1.3.0"
    wrappy "1"

inherits@2:
  version "2.0.3"
  resolved "https://registry.yarnpkg.com/inherits/-/inherits-2.0.3.tgz#633c2c83e3da42a502f52466022480f4208261de"

ini@~1.3.0:
  version "1.3.4"
  resolved "https://registry.yarnpkg.com/ini/-/ini-1.3.4.tgz#0537cb79daf59b59a1a517dff706c86ec039162e"

isstream@0.1.x:
  version "0.1.2"
  resolved "https://registry.yarnpkg.com/isstream/-/isstream-0.1.2.tgz#47e63f7af55afa6f92e1500e690eb8b8529c099a"

js-string-escape@1.0.1:
  version "1.0.1"
  resolved "https://registry.yarnpkg.com/js-string-escape/-/js-string-escape-1.0.1.tgz#e2625badbc0d67c7533e9edc1068c587ae4137ef"

lodash.defaults@^4.1.0:
  version "4.2.0"
  resolved "https://registry.yarnpkg.com/lodash.defaults/-/lodash.defaults-4.2.0.tgz#d09178716ffea4dde9e5fb7b37f6f0802274580c"

minimatch@^3.0.4:
  version "3.0.4"
  resolved "https://registry.yarnpkg.com/minimatch/-/minimatch-3.0.4.tgz#5166e286457f03306064be5497e8dbb0c3d32083"
  dependencies:
    brace-expansion "^1.1.7"

minimist@0.0.8:
  version "0.0.8"
  resolved "https://registry.yarnpkg.com/minimist/-/minimist-0.0.8.tgz#857fcabfc3397d2625b8228262e86aa7a011b05d"

minimist@^1.2.0:
  version "1.2.0"
  resolved "https://registry.yarnpkg.com/minimist/-/minimist-1.2.0.tgz#a35008b20f41383eec1fb914f4cd5df79a264284"

minimist@~0.0.1:
  version "0.0.10"
  resolved "https://registry.yarnpkg.com/minimist/-/minimist-0.0.10.tgz#de3f98543dbf96082be48ad1a0c7cda836301dcf"

mkdirp@0.x.x, mkdirp@~0.5.0:
  version "0.5.1"
  resolved "https://registry.yarnpkg.com/mkdirp/-/mkdirp-0.5.1.tgz#30057438eac6cf7f8c4767f38648d6697d75c903"
  dependencies:
    minimist "0.0.8"

moment@^2.14.1:
  version "2.18.1"
  resolved "https://registry.yarnpkg.com/moment/-/moment-2.18.1.tgz#c36193dd3ce1c2eed2adb7c802dbbc77a81b1c0f"

"mongodb-uri@>= 0.9.7":
  version "0.9.7"
  resolved "https://registry.yarnpkg.com/mongodb-uri/-/mongodb-uri-0.9.7.tgz#0f771ad16f483ae65f4287969428e9fbc4aa6181"

ms@0.7.2:
  version "0.7.2"
  resolved "https://registry.yarnpkg.com/ms/-/ms-0.7.2.tgz#ae25cf2512b3885a1d95d7f037868d8431124765"

mute-stream@~0.0.4:
  version "0.0.7"
  resolved "https://registry.yarnpkg.com/mute-stream/-/mute-stream-0.0.7.tgz#3075ce93bc21b8fab43e1bc4da7e8115ed1e7bab"

ncp@1.0.x:
  version "1.0.1"
  resolved "https://registry.yarnpkg.com/ncp/-/ncp-1.0.1.tgz#d15367e5cb87432ba117d2bf80fdf45aecfb4246"

node-fs@~0.1.5:
  version "0.1.7"
  resolved "https://registry.yarnpkg.com/node-fs/-/node-fs-0.1.7.tgz#32323cccb46c9fbf0fc11812d45021cc31d325bb"

once@^1.3.0:
  version "1.4.0"
  resolved "https://registry.yarnpkg.com/once/-/once-1.4.0.tgz#583b1aa775961d4b113ac17d9c50baef9dd76bd1"
  dependencies:
    wrappy "1"

optimist@~0.6.1:
  version "0.6.1"
  resolved "https://registry.yarnpkg.com/optimist/-/optimist-0.6.1.tgz#da3ea74686fa21a19a111c326e90eb15a0196686"
  dependencies:
    minimist "~0.0.1"
    wordwrap "~0.0.2"

packet-reader@0.2.0:
  version "0.2.0"
  resolved "https://registry.yarnpkg.com/packet-reader/-/packet-reader-0.2.0.tgz#819df4d010b82d5ea5671f8a1a3acf039bcd7700"

parse-database-url@~0.3.0:
  version "0.3.0"
  resolved "https://registry.yarnpkg.com/parse-database-url/-/parse-database-url-0.3.0.tgz#369666321e927c9ade63cdfc1aaaf6fb37453d0d"
  dependencies:
    mongodb-uri ">= 0.9.7"

path-is-absolute@^1.0.0:
  version "1.0.1"
  resolved "https://registry.yarnpkg.com/path-is-absolute/-/path-is-absolute-1.0.1.tgz#174b9268735534ffbc7ace6bf53a5a9e1b5c5f5f"

path-parse@^1.0.5:
  version "1.0.5"
  resolved "https://registry.yarnpkg.com/path-parse/-/path-parse-1.0.5.tgz#3c1adf871ea9cd6c9431b6ea2bd74a0ff055c4c1"

pg-connection-string@0.1.3:
  version "0.1.3"
  resolved "https://registry.yarnpkg.com/pg-connection-string/-/pg-connection-string-0.1.3.tgz#da1847b20940e42ee1492beaf65d49d91b245df7"

pg-types@1.*:
  version "1.12.1"
  resolved "https://registry.yarnpkg.com/pg-types/-/pg-types-1.12.1.tgz#d64087e3903b58ffaad279e7595c52208a14c3d2"
  dependencies:
    postgres-array "~1.0.0"
    postgres-bytea "~1.0.0"
    postgres-date "~1.0.0"
    postgres-interval "^1.1.0"

pg@^4.5.7:
  version "4.5.7"
  resolved "https://registry.yarnpkg.com/pg/-/pg-4.5.7.tgz#45ae16b23706a6345a03279decc6af795c16d29b"
  dependencies:
    buffer-writer "1.0.1"
    generic-pool "2.4.2"
    js-string-escape "1.0.1"
    packet-reader "0.2.0"
    pg-connection-string "0.1.3"
    pg-types "1.*"
    pgpass "0.0.3"
    semver "^4.1.0"

pgpass@0.0.3:
  version "0.0.3"
  resolved "https://registry.yarnpkg.com/pgpass/-/pgpass-0.0.3.tgz#12e67e343b3189c2f31206ebc9cc0befffcf9140"
  dependencies:
    split "~0.3"

pkginfo@0.3.x:
  version "0.3.1"
  resolved "https://registry.yarnpkg.com/pkginfo/-/pkginfo-0.3.1.tgz#5b29f6a81f70717142e09e765bbeab97b4f81e21"

pkginfo@0.x.x, pkginfo@^0.4.0:
  version "0.4.1"
  resolved "https://registry.yarnpkg.com/pkginfo/-/pkginfo-0.4.1.tgz#b5418ef0439de5425fc4995042dced14fb2a84ff"

postgres-array@~1.0.0:
  version "1.0.2"
  resolved "https://registry.yarnpkg.com/postgres-array/-/postgres-array-1.0.2.tgz#8e0b32eb03bf77a5c0a7851e0441c169a256a238"

postgres-bytea@~1.0.0:
  version "1.0.0"
  resolved "https://registry.yarnpkg.com/postgres-bytea/-/postgres-bytea-1.0.0.tgz#027b533c0aa890e26d172d47cf9ccecc521acd35"

postgres-date@~1.0.0:
  version "1.0.3"
  resolved "https://registry.yarnpkg.com/postgres-date/-/postgres-date-1.0.3.tgz#e2d89702efdb258ff9d9cee0fe91bd06975257a8"

postgres-interval@^1.1.0:
  version "1.1.1"
  resolved "https://registry.yarnpkg.com/postgres-interval/-/postgres-interval-1.1.1.tgz#acdb0f897b4b1c6e496d9d4e0a853e1c428f06f0"
  dependencies:
    xtend "^4.0.0"

prompt@^1.0.0:
  version "1.0.0"
  resolved "https://registry.yarnpkg.com/prompt/-/prompt-1.0.0.tgz#8e57123c396ab988897fb327fd3aedc3e735e4fe"
  dependencies:
    colors "^1.1.2"
    pkginfo "0.x.x"
    read "1.0.x"
    revalidator "0.1.x"
    utile "0.3.x"
    winston "2.1.x"

rc@^1.1.6:
  version "1.2.1"
  resolved "https://registry.yarnpkg.com/rc/-/rc-1.2.1.tgz#2e03e8e42ee450b8cb3dce65be1bf8974e1dfd95"
  dependencies:
    deep-extend "~0.4.0"
    ini "~1.3.0"
    minimist "^1.2.0"
    strip-json-comments "~2.0.1"

read@1.0.x:
  version "1.0.7"
  resolved "https://registry.yarnpkg.com/read/-/read-1.0.7.tgz#b3da19bd052431a97671d44a42634adf710b40c4"
  dependencies:
    mute-stream "~0.0.4"

resolve@^1.1.6:
  version "1.4.0"
  resolved "https://registry.yarnpkg.com/resolve/-/resolve-1.4.0.tgz#a75be01c53da25d934a98ebd0e4c4a7312f92a86"
  dependencies:
    path-parse "^1.0.5"

revalidator@0.1.x:
  version "0.1.8"
  resolved "https://registry.yarnpkg.com/revalidator/-/revalidator-0.1.8.tgz#fece61bfa0c1b52a206bd6b18198184bdd523a3b"

rimraf@2.x.x:
  version "2.6.2"
  resolved "https://registry.yarnpkg.com/rimraf/-/rimraf-2.6.2.tgz#2ed8150d24a16ea8651e6d6ef0f47c4158ce7a36"
  dependencies:
    glob "^7.0.5"

semver@^4.1.0:
  version "4.3.6"
  resolved "https://registry.yarnpkg.com/semver/-/semver-4.3.6.tgz#300bc6e0e86374f7ba61068b5b1ecd57fc6532da"

semver@^5.0.3, semver@^5.1.0, semver@^5.3.0:
  version "5.4.1"
  resolved "https://registry.yarnpkg.com/semver/-/semver-5.4.1.tgz#e059c09d8571f0540823733433505d3a2f00b18e"

split@~0.3:
  version "0.3.3"
  resolved "https://registry.yarnpkg.com/split/-/split-0.3.3.tgz#cd0eea5e63a211dfff7eb0f091c4133e2d0dd28f"
  dependencies:
    through "2"

ssh2-streams@~0.1.15:
  version "0.1.19"
  resolved "https://registry.yarnpkg.com/ssh2-streams/-/ssh2-streams-0.1.19.tgz#f80ececc2de1a39e1aa64469851ec32bc96b83f9"
  dependencies:
    asn1 "~0.2.0"
    semver "^5.1.0"
    streamsearch "~0.1.2"

ssh2@0.5.4:
  version "0.5.4"
  resolved "https://registry.yarnpkg.com/ssh2/-/ssh2-0.5.4.tgz#1bf6b6b28c96eaef267f4d6c46a5a2517a599e27"
  dependencies:
    ssh2-streams "~0.1.15"

stack-trace@0.0.x:
  version "0.0.10"
  resolved "https://registry.yarnpkg.com/stack-trace/-/stack-trace-0.0.10.tgz#547c70b347e8d32b4e108ea1a2a159e5fdde19c0"

streamsearch@~0.1.2:
  version "0.1.2"
  resolved "https://registry.yarnpkg.com/streamsearch/-/streamsearch-0.1.2.tgz#808b9d0e56fc273d809ba57338e929919a1a9f1a"

strip-json-comments@~2.0.1:
  version "2.0.1"
  resolved "https://registry.yarnpkg.com/strip-json-comments/-/strip-json-comments-2.0.1.tgz#3c531942e908c2697c0ec344858c286c7ca0a60a"

through@2:
  version "2.3.8"
  resolved "https://registry.yarnpkg.com/through/-/through-2.3.8.tgz#0dd4c9ffaabc357960b1b724115d7e0e86a2e1f5"

tunnel-ssh@^4.0.0:
  version "4.1.3"
  resolved "https://registry.yarnpkg.com/tunnel-ssh/-/tunnel-ssh-4.1.3.tgz#911216ad79df1009082c5713fed26476ed239bad"
  dependencies:
    debug "2.6.0"
    lodash.defaults "^4.1.0"
    ssh2 "0.5.4"

utile@0.3.x:
  version "0.3.0"
  resolved "https://registry.yarnpkg.com/utile/-/utile-0.3.0.tgz#1352c340eb820e4d8ddba039a4fbfaa32ed4ef3a"
  dependencies:
    async "~0.9.0"
    deep-equal "~0.2.1"
    i "0.3.x"
    mkdirp "0.x.x"
    ncp "1.0.x"
    rimraf "2.x.x"

when@~2.0.1:
  version "2.0.1"
  resolved "https://registry.yarnpkg.com/when/-/when-2.0.1.tgz#8d872fe15e68424c91b4b724e848e0807dab6642"

winston@2.1.x:
  version "2.1.1"
  resolved "https://registry.yarnpkg.com/winston/-/winston-2.1.1.tgz#3c9349d196207fd1bdff9d4bc43ef72510e3a12e"
  dependencies:
    async "~1.0.0"
    colors "1.0.x"
    cycle "1.0.x"
    eyes "0.1.x"
    isstream "0.1.x"
    pkginfo "0.3.x"
    stack-trace "0.0.x"

wordwrap@~0.0.2:
  version "0.0.3"
  resolved "https://registry.yarnpkg.com/wordwrap/-/wordwrap-0.0.3.tgz#a3d5da6cd5c0bc0008d37234bbaf1bed63059107"

wrappy@1:
  version "1.0.2"
  resolved "https://registry.yarnpkg.com/wrappy/-/wrappy-1.0.2.tgz#b5243d8f3ec1aa35f1364605bc0d1036e30ab69f"

xtend@^4.0.0:
  version "4.0.1"
  resolved "https://registry.yarnpkg.com/xtend/-/xtend-4.0.1.tgz#a5c6d532be656e23db820efb943a1f04998d63af"
